
Microsoft Visual Studio Solution File, Format Version 11.00
# Visual Studio 2010
Project("{FAE04EC0-301F-11D3-BF4B-00C04F79EFBC}") = "DodgeDynasty", "DodgeDynasty\DodgeDynasty.csproj", "{54126206-31AC-4C73-AB3B-3043F02037E4}"
EndProject
Project("{FAE04EC0-301F-11D3-BF4B-00C04F79EFBC}") = "DodgeDynasty.Tests", "DodgeDynasty.Tests\DodgeDynasty.Tests.csproj", "{0B930EF7-4A16-4E97-B436-D69044DDD05D}"
EndProject
Global
	GlobalSection(SolutionConfigurationPlatforms) = preSolution
		Debug|Any CPU = Debug|Any CPU
		Release|Any CPU = Release|Any CPU
	EndGlobalSection
	GlobalSection(ProjectConfigurationPlatforms) = postSolution
		{54126206-31AC-4C73-AB3B-3043F02037E4}.Debug|Any CPU.ActiveCfg = Debug|Any CPU
		{54126206-31AC-4C73-AB3B-3043F02037E4}.Debug|Any CPU.Build.0 = Debug|Any CPU
		{54126206-31AC-4C73-AB3B-3043F02037E4}.Release|Any CPU.ActiveCfg = Release|Any CPU
		{54126206-31AC-4C73-AB3B-3043F02037E4}.Release|Any CPU.Build.0 = Release|Any CPU
		{0B930EF7-4A16-4E97-B436-D69044DDD05D}.Debug|Any CPU.ActiveCfg = Debug|Any CPU
		{0B930EF7-4A16-4E97-B436-D69044DDD05D}.Debug|Any CPU.Build.0 = Debug|Any CPU
		{0B930EF7-4A16-4E97-B436-D69044DDD05D}.Release|Any CPU.ActiveCfg = Release|Any CPU
		{0B930EF7-4A16-4E97-B436-D69044DDD05D}.Release|Any CPU.Build.0 = Release|Any CPU
	EndGlobalSection
	GlobalSection(SolutionProperties) = preSolution
		HideSolutionNode = FALSE
	EndGlobalSection
EndGlobal
